
Microsoft Visual Studio Solution File, Format Version 12.00
# Visual Studio Version 16
VisualStudioVersion = 16.0.34407.143
MinimumVisualStudioVersion = 10.0.40219.1
Project("{F184B08F-C81C-45F6-A57F-5ABD9991F28F}") = "miniproejct2", "miniproejct2.vbproj", "{FDC9B4A6-7181-41B0-ADAE-F06B4E8FED77}"
EndProject
Global
	GlobalSection(SolutionConfigurationPlatforms) = preSolution
		Debug|Any CPU = Debug|Any CPU
		Release|Any CPU = Release|Any CPU
	EndGlobalSection
	GlobalSection(ProjectConfigurationPlatforms) = postSolution
		{FDC9B4A6-7181-41B0-ADAE-F06B4E8FED77}.Debug|Any CPU.ActiveCfg = Debug|Any CPU
		{FDC9B4A6-7181-41B0-ADAE-F06B4E8FED77}.Debug|Any CPU.Build.0 = Debug|Any CPU
		{FDC9B4A6-7181-41B0-ADAE-F06B4E8FED77}.Release|Any CPU.ActiveCfg = Release|Any CPU
		{FDC9B4A6-7181-41B0-ADAE-F06B4E8FED77}.Release|Any CPU.Build.0 = Release|Any CPU
	EndGlobalSection
	GlobalSection(SolutionProperties) = preSolution
		HideSolutionNode = FALSE
	EndGlobalSection
	GlobalSection(ExtensibilityGlobals) = postSolution
		SolutionGuid = {06120CAB-DA4B-4BE6-8971-D61DA6D51AA1}
	EndGlobalSection
EndGlobal
